
Microsoft Visual Studio Solution File, Format Version 12.00
# Visual Studio Version 17
VisualStudioVersion = 17.6.33815.320
MinimumVisualStudioVersion = 10.0.40219.1
Project("{FAE04EC0-301F-11D3-BF4B-00C04F79EFBC}") = "FundRaiserProject2023", "FundRaiserProject2023\FundRaiserProject2023.csproj", "{43D48A1B-E42A-4625-97BD-F70398D4B5EE}"
EndProject
Global
	GlobalSection(SolutionConfigurationPlatforms) = preSolution
		Debug|Any CPU = Debug|Any CPU
		Release|Any CPU = Release|Any CPU
	EndGlobalSection
	GlobalSection(ProjectConfigurationPlatforms) = postSolution
		{43D48A1B-E42A-4625-97BD-F70398D4B5EE}.Debug|Any CPU.ActiveCfg = Debug|Any CPU
		{43D48A1B-E42A-4625-97BD-F70398D4B5EE}.Debug|Any CPU.Build.0 = Debug|Any CPU
		{43D48A1B-E42A-4625-97BD-F70398D4B5EE}.Release|Any CPU.ActiveCfg = Release|Any CPU
		{43D48A1B-E42A-4625-97BD-F70398D4B5EE}.Release|Any CPU.Build.0 = Release|Any CPU
	EndGlobalSection
	GlobalSection(SolutionProperties) = preSolution
		HideSolutionNode = FALSE
	EndGlobalSection
	GlobalSection(ExtensibilityGlobals) = postSolution
		SolutionGuid = {61AD7603-C719-495B-9931-9D59E6524046}
	EndGlobalSection
EndGlobal
